{
  "name": "france-money-map",
  "version": "1.0.0",
  "lockfileVersion": 3,
  "requires": true,
  "packages": {
    "": {
      "name": "france-money-map",
      "devDependencies": {
        "modele-social": "^10.0.0",
        "publicodes": "^1.10.1"
      }
    },
    "node_modules/modele-social": {
      "version": "10.0.0",
      "resolved": "https://registry.npmjs.org/modele-social/-/modele-social-10.0.0.tgz",
      "integrity": "sha512-wwLefaJpFsojFLrfkA5cC6Jg8KUuSGjb3DK2yh5tgni4LVf05oWBOWQa48Y8XymAZSq1GaajMfCpyaNz6vjQZw==",
      "dev": true,
      "license": "MIT",
      "peerDependencies": {
        "publicodes": "^1.0.4"
      }
    },
    "node_modules/publicodes": {
      "version": "1.10.1",
      "resolved": "https://registry.npmjs.org/publicodes/-/publicodes-1.10.1.tgz",
      "integrity": "sha512-NCEZgB5YfNyw5km71mYtpNdedeyt0EmB73X1h2k7bewwTLAlM/C6dsgRbw2R/si/nuob3Oh1wTswjM3A8Qjfrw==",
      "dev": true,
      "license": "MIT"
    }
  }
}
